
Microsoft Visual Studio Solution File, Format Version 12.00
# Visual Studio Version 17
VisualStudioVersion = 17.3.32929.385
MinimumVisualStudioVersion = 10.0.40219.1
Project("{9A19103F-16F7-4668-BE54-9A1E7A4F7556}") = "EFTutorial", "EFTutorial.csproj", "{C7AF108B-9675-48DA-BE24-1AF743425093}"
EndProject
Global
	GlobalSection(SolutionConfigurationPlatforms) = preSolution
		Debug|Any CPU = Debug|Any CPU
		Release|Any CPU = Release|Any CPU
	EndGlobalSection
	GlobalSection(ProjectConfigurationPlatforms) = postSolution
		{C7AF108B-9675-48DA-BE24-1AF743425093}.Debug|Any CPU.ActiveCfg = Debug|Any CPU
		{C7AF108B-9675-48DA-BE24-1AF743425093}.Debug|Any CPU.Build.0 = Debug|Any CPU
		{C7AF108B-9675-48DA-BE24-1AF743425093}.Release|Any CPU.ActiveCfg = Release|Any CPU
		{C7AF108B-9675-48DA-BE24-1AF743425093}.Release|Any CPU.Build.0 = Release|Any CPU
	EndGlobalSection
	GlobalSection(SolutionProperties) = preSolution
		HideSolutionNode = FALSE
	EndGlobalSection
	GlobalSection(ExtensibilityGlobals) = postSolution
		SolutionGuid = {BED1CFBD-2525-4891-89CB-DA5B637A9F1C}
	EndGlobalSection
EndGlobal
